
Microsoft Visual Studio Solution File, Format Version 12.00
# Visual Studio Version 16
VisualStudioVersion = 16.0.29215.179
MinimumVisualStudioVersion = 10.0.40219.1
Project("{FAE04EC0-301F-11D3-BF4B-00C04F79EFBC}") = "Structure_in_C_sharp", "Structure_in_C_sharp\Structure_in_C_sharp.csproj", "{EBBFC0DC-A0D7-43B1-8ABC-C0B9E482470B}"
EndProject
Global
	GlobalSection(SolutionConfigurationPlatforms) = preSolution
		Debug|Any CPU = Debug|Any CPU
		Release|Any CPU = Release|Any CPU
	EndGlobalSection
	GlobalSection(ProjectConfigurationPlatforms) = postSolution
		{EBBFC0DC-A0D7-43B1-8ABC-C0B9E482470B}.Debug|Any CPU.ActiveCfg = Debug|Any CPU
		{EBBFC0DC-A0D7-43B1-8ABC-C0B9E482470B}.Debug|Any CPU.Build.0 = Debug|Any CPU
		{EBBFC0DC-A0D7-43B1-8ABC-C0B9E482470B}.Release|Any CPU.ActiveCfg = Release|Any CPU
		{EBBFC0DC-A0D7-43B1-8ABC-C0B9E482470B}.Release|Any CPU.Build.0 = Release|Any CPU
	EndGlobalSection
	GlobalSection(SolutionProperties) = preSolution
		HideSolutionNode = FALSE
	EndGlobalSection
	GlobalSection(ExtensibilityGlobals) = postSolution
		SolutionGuid = {719F1FE2-27FE-43FC-B335-E5D142E0393D}
	EndGlobalSection
EndGlobal
