
Microsoft Visual Studio Solution File, Format Version 12.00
# Visual Studio Version 16
VisualStudioVersion = 16.0.29215.179
MinimumVisualStudioVersion = 10.0.40219.1
Project("{FAE04EC0-301F-11D3-BF4B-00C04F79EFBC}") = "Class_in_C_sharp", "Class_in_C_sharp\Class_in_C_sharp.csproj", "{965D1079-DD7F-4D5C-A668-C6CB8BAA714F}"
EndProject
Global
	GlobalSection(SolutionConfigurationPlatforms) = preSolution
		Debug|Any CPU = Debug|Any CPU
		Release|Any CPU = Release|Any CPU
	EndGlobalSection
	GlobalSection(ProjectConfigurationPlatforms) = postSolution
		{965D1079-DD7F-4D5C-A668-C6CB8BAA714F}.Debug|Any CPU.ActiveCfg = Debug|Any CPU
		{965D1079-DD7F-4D5C-A668-C6CB8BAA714F}.Debug|Any CPU.Build.0 = Debug|Any CPU
		{965D1079-DD7F-4D5C-A668-C6CB8BAA714F}.Release|Any CPU.ActiveCfg = Release|Any CPU
		{965D1079-DD7F-4D5C-A668-C6CB8BAA714F}.Release|Any CPU.Build.0 = Release|Any CPU
	EndGlobalSection
	GlobalSection(SolutionProperties) = preSolution
		HideSolutionNode = FALSE
	EndGlobalSection
	GlobalSection(ExtensibilityGlobals) = postSolution
		SolutionGuid = {829015F2-B151-4998-BD01-89B7A8159969}
	EndGlobalSection
EndGlobal
