
Microsoft Visual Studio Solution File, Format Version 12.00
# Visual Studio Version 16
VisualStudioVersion = 16.0.29215.179
MinimumVisualStudioVersion = 10.0.40219.1
Project("{FAE04EC0-301F-11D3-BF4B-00C04F79EFBC}") = "Linq2", "Linq2\Linq2.csproj", "{8761B1E5-D7E8-4A09-895C-896D929C293C}"
EndProject
Global
	GlobalSection(SolutionConfigurationPlatforms) = preSolution
		Debug|Any CPU = Debug|Any CPU
		Release|Any CPU = Release|Any CPU
	EndGlobalSection
	GlobalSection(ProjectConfigurationPlatforms) = postSolution
		{8761B1E5-D7E8-4A09-895C-896D929C293C}.Debug|Any CPU.ActiveCfg = Debug|Any CPU
		{8761B1E5-D7E8-4A09-895C-896D929C293C}.Debug|Any CPU.Build.0 = Debug|Any CPU
		{8761B1E5-D7E8-4A09-895C-896D929C293C}.Release|Any CPU.ActiveCfg = Release|Any CPU
		{8761B1E5-D7E8-4A09-895C-896D929C293C}.Release|Any CPU.Build.0 = Release|Any CPU
	EndGlobalSection
	GlobalSection(SolutionProperties) = preSolution
		HideSolutionNode = FALSE
	EndGlobalSection
	GlobalSection(ExtensibilityGlobals) = postSolution
		SolutionGuid = {F13EEFCF-1624-4C6F-810E-0D3EE2DC8DE4}
	EndGlobalSection
EndGlobal
