
Microsoft Visual Studio Solution File, Format Version 12.00
# Visual Studio Version 16
VisualStudioVersion = 16.0.29215.179
MinimumVisualStudioVersion = 10.0.40219.1
Project("{FAE04EC0-301F-11D3-BF4B-00C04F79EFBC}") = "fibonacci", "fibonacci\fibonacci.csproj", "{EF5362EE-C414-4746-9E40-84A5AADF90C5}"
EndProject
Global
	GlobalSection(SolutionConfigurationPlatforms) = preSolution
		Debug|Any CPU = Debug|Any CPU
		Release|Any CPU = Release|Any CPU
	EndGlobalSection
	GlobalSection(ProjectConfigurationPlatforms) = postSolution
		{EF5362EE-C414-4746-9E40-84A5AADF90C5}.Debug|Any CPU.ActiveCfg = Debug|Any CPU
		{EF5362EE-C414-4746-9E40-84A5AADF90C5}.Debug|Any CPU.Build.0 = Debug|Any CPU
		{EF5362EE-C414-4746-9E40-84A5AADF90C5}.Release|Any CPU.ActiveCfg = Release|Any CPU
		{EF5362EE-C414-4746-9E40-84A5AADF90C5}.Release|Any CPU.Build.0 = Release|Any CPU
	EndGlobalSection
	GlobalSection(SolutionProperties) = preSolution
		HideSolutionNode = FALSE
	EndGlobalSection
	GlobalSection(ExtensibilityGlobals) = postSolution
		SolutionGuid = {A62ECBBB-4B84-4091-85E1-8E67448A666F}
	EndGlobalSection
EndGlobal
