
Microsoft Visual Studio Solution File, Format Version 12.00
# Visual Studio Version 16
VisualStudioVersion = 16.0.29215.179
MinimumVisualStudioVersion = 10.0.40219.1
Project("{FAE04EC0-301F-11D3-BF4B-00C04F79EFBC}") = "Covar_and_contravar", "Covar_and_contravar\Covar_and_contravar.csproj", "{6C2001FD-B285-4834-970B-B1495457A7BA}"
EndProject
Global
	GlobalSection(SolutionConfigurationPlatforms) = preSolution
		Debug|Any CPU = Debug|Any CPU
		Release|Any CPU = Release|Any CPU
	EndGlobalSection
	GlobalSection(ProjectConfigurationPlatforms) = postSolution
		{6C2001FD-B285-4834-970B-B1495457A7BA}.Debug|Any CPU.ActiveCfg = Debug|Any CPU
		{6C2001FD-B285-4834-970B-B1495457A7BA}.Debug|Any CPU.Build.0 = Debug|Any CPU
		{6C2001FD-B285-4834-970B-B1495457A7BA}.Release|Any CPU.ActiveCfg = Release|Any CPU
		{6C2001FD-B285-4834-970B-B1495457A7BA}.Release|Any CPU.Build.0 = Release|Any CPU
	EndGlobalSection
	GlobalSection(SolutionProperties) = preSolution
		HideSolutionNode = FALSE
	EndGlobalSection
	GlobalSection(ExtensibilityGlobals) = postSolution
		SolutionGuid = {B86D443D-4334-4038-86B4-DA0A9A7D56FD}
	EndGlobalSection
EndGlobal
